# This file is automatically @generated by Poetry 1.8.3 and should not be changed by hand.

[[package]]
name = "mistune"
version = "3.0.2"
description = "A sane and fast Markdown parser with useful plugins and renderers"
optional = false
python-versions = ">=3.8"
files = []
develop = false

[package.source]
type = "git"
url = "ssh://git@github.com/lepture/mistune.git"
reference = "HEAD"
resolved_reference = "bf54ef67390e02a5cdee7495d4386d7770c1902b"

[metadata]
lock-version = "2.0"
python-versions = "^3.12"
content-hash = "b25db912f91bc5fabe22c982d3bb31c005164ac1fabc931b95f3ccfab75c6b54"
